
Microsoft Visual Studio Solution File, Format Version 12.00
# Visual Studio Version 17
VisualStudioVersion = 17.13.35818.85 d17.13
MinimumVisualStudioVersion = 10.0.40219.1
Project("{FAE04EC0-301F-11D3-BF4B-00C04F79EFBC}") = "KTRS", "KTRS.csproj", "{701D984B-0FDC-4E8B-8C42-253470F9185C}"
EndProject
Global
	GlobalSection(SolutionConfigurationPlatforms) = preSolution
		Debug|Any CPU = Debug|Any CPU
		Release|Any CPU = Release|Any CPU
	EndGlobalSection
	GlobalSection(ProjectConfigurationPlatforms) = postSolution
		{701D984B-0FDC-4E8B-8C42-253470F9185C}.Debug|Any CPU.ActiveCfg = Debug|Any CPU
		{701D984B-0FDC-4E8B-8C42-253470F9185C}.Debug|Any CPU.Build.0 = Debug|Any CPU
		{701D984B-0FDC-4E8B-8C42-253470F9185C}.Release|Any CPU.ActiveCfg = Release|Any CPU
		{701D984B-0FDC-4E8B-8C42-253470F9185C}.Release|Any CPU.Build.0 = Release|Any CPU
	EndGlobalSection
	GlobalSection(SolutionProperties) = preSolution
		HideSolutionNode = FALSE
	EndGlobalSection
	GlobalSection(ExtensibilityGlobals) = postSolution
		SolutionGuid = {80BA4353-1288-4E8B-8E36-C3FC3E4729F2}
	EndGlobalSection
EndGlobal
